// !$*UTF8*$!
{
	archiveVersion = 1;
	classes = {
	};
	objectVersion = 77;
	objects = {

/* Begin PBXContainerItemProxy section */
		2F0705812DC86BD000E6C541 /* PBXContainerItemProxy */ = {
			isa = PBXContainerItemProxy;
			containerPortal = 2F07056B2DC86BCE00E6C541 /* Project object */;
			proxyType = 1;
			remoteGlobalIDString = 2F0705722DC86BCE00E6C541;
			remoteInfo = "Matchedgeometry1-SwiftUI";
		};
		2F07058B2DC86BD000E6C541 /* PBXContainerItemProxy */ = {
			isa = PBXContainerItemProxy;
			containerPortal = 2F07056B2DC86BCE00E6C541 /* Project object */;
			proxyType = 1;
			remoteGlobalIDString = 2F0705722DC86BCE00E6C541;
			remoteInfo = "Matchedgeometry1-SwiftUI";
		};
/* End PBXContainerItemProxy section */

/* Begin PBXFileReference section */
		2F0705732DC86BCE00E6C541 /* Matchedgeometry1-SwiftUI.app */ = {isa = PBXFileReference; explicitFileType = wrapper.application; includeInIndex = 0; path = "Matchedgeometry1-SwiftUI.app"; sourceTree = BUILT_PRODUCTS_DIR; };
		2F0705802DC86BD000E6C541 /* Matchedgeometry1-SwiftUITests.xctest */ = {isa = PBXFileReference; explicitFileType = wrapper.cfbundle; includeInIndex = 0; path = "Matchedgeometry1-SwiftUITests.xctest"; sourceTree = BUILT_PRODUCTS_DIR; };
		2F07058A2DC86BD000E6C541 /* Matchedgeometry1-SwiftUIUITests.xctest */ = {isa = PBXFileReference; explicitFileType = wrapper.cfbundle; includeInIndex = 0; path = "Matchedgeometry1-SwiftUIUITests.xctest"; sourceTree = BUILT_PRODUCTS_DIR; };
/* End PBXFileReference section */

/* Begin PBXFileSystemSynchronizedRootGroup section */
		2F0705752DC86BCE00E6C541 /* Matchedgeometry1-SwiftUI */ = {
			isa = PBXFileSystemSynchronizedRootGroup;
			path = "Matchedgeometry1-SwiftUI";
			sourceTree = "<group>";
		};
		2F0705832DC86BD000E6C541 /* Matchedgeometry1-SwiftUITests */ = {
			isa = PBXFileSystemSynchronizedRootGroup;
			path = "Matchedgeometry1-SwiftUITests";
			sourceTree = "<group>";
		};
		2F07058D2DC86BD000E6C541 /* Matchedgeometry1-SwiftUIUITests */ = {
			isa = PBXFileSystemSynchronizedRootGroup;
			path = "Matchedgeometry1-SwiftUIUITests";
			sourceTree = "<group>";
		};
/* End PBXFileSystemSynchronizedRootGroup section */

/* Begin PBXFrameworksBuildPhase section */
		2F0705702DC86BCE00E6C541 /* Frameworks */ = {
			isa = PBXFrameworksBuildPhase;
			buildActionMask = 2147483647;
			files = (
			);
			runOnlyForDeploymentPostprocessing = 0;
		};
		2F07057D2DC86BD000E6C541 /* Frameworks */ = {
			isa = PBXFrameworksBuildPhase;
			buildActionMask = 2147483647;
			files = (
			);
			runOnlyForDeploymentPostprocessing = 0;
		};
		2F0705872DC86BD000E6C541 /* Frameworks */ = {
			isa = PBXFrameworksBuildPhase;
			buildActionMask = 2147483647;
			files = (
			);
			runOnlyForDeploymentPostprocessing = 0;
		};
/* End PBXFrameworksBuildPhase section */

/* Begin PBXGroup section */
		2F07056A2DC86BCE00E6C541 = {
			isa = PBXGroup;
			children = (
				2F0705752DC86BCE00E6C541 /* Matchedgeometry1-SwiftUI */,
				2F0705832DC86BD000E6C541 /* Matchedgeometry1-SwiftUITests */,
				2F07058D2DC86BD000E6C541 /* Matchedgeometry1-SwiftUIUITests */,
				2F0705742DC86BCE00E6C541 /* Products */,
			);
			sourceTree = "<group>";
		};
		2F0705742DC86BCE00E6C541 /* Products */ = {
			isa = PBXGroup;
			children = (
				2F0705732DC86BCE00E6C541 /* Matchedgeometry1-SwiftUI.app */,
				2F0705802DC86BD000E6C541 /* Matchedgeometry1-SwiftUITests.xctest */,
				2F07058A2DC86BD000E6C541 /* Matchedgeometry1-SwiftUIUITests.xctest */,
			);
			name = Products;
			sourceTree = "<group>";
		};
/* End PBXGroup section */

/* Begin PBXNativeTarget section */
		2F0705722DC86BCE00E6C541 /* Matchedgeometry1-SwiftUI */ = {
			isa = PBXNativeTarget;
			buildConfigurationList = 2F0705942DC86BD000E6C541 /* Build configuration list for PBXNativeTarget "Matchedgeometry1-SwiftUI" */;
			buildPhases = (
				2F07056F2DC86BCE00E6C541 /* Sources */,
				2F0705702DC86BCE00E6C541 /* Frameworks */,
				2F0705712DC86BCE00E6C541 /* Resources */,
			);
			buildRules = (
			);
			dependencies = (
			);
			fileSystemSynchronizedGroups = (
				2F0705752DC86BCE00E6C541 /* Matchedgeometry1-SwiftUI */,
			);
			name = "Matchedgeometry1-SwiftUI";
			packageProductDependencies = (
			);
			productName = "Matchedgeometry1-SwiftUI";
			productReference = 2F0705732DC86BCE00E6C541 /* Matchedgeometry1-SwiftUI.app */;
			productType = "com.apple.product-type.application";
		};
		2F07057F2DC86BD000E6C541 /* Matchedgeometry1-SwiftUITests */ = {
			isa = PBXNativeTarget;
			buildConfigurationList = 2F0705972DC86BD000E6C541 /* Build configuration list for PBXNativeTarget "Matchedgeometry1-SwiftUITests" */;
			buildPhases = (
				2F07057C2DC86BD000E6C541 /* Sources */,
				2F07057D2DC86BD000E6C541 /* Frameworks */,
				2F07057E2DC86BD000E6C541 /* Resources */,
			);
			buildRules = (
			);
			dependencies = (
				2F0705822DC86BD000E6C541 /* PBXTargetDependency */,
			);
			fileSystemSynchronizedGroups = (
				2F0705832DC86BD000E6C541 /* Matchedgeometry1-SwiftUITests */,
			);
			name = "Matchedgeometry1-SwiftUITests";
			packageProductDependencies = (
			);
			productName = "Matchedgeometry1-SwiftUITests";
			productReference = 2F0705802DC86BD000E6C541 /* Matchedgeometry1-SwiftUITests.xctest */;
			productType = "com.apple.product-type.bundle.unit-test";
		};
		2F0705892DC86BD000E6C541 /* Matchedgeometry1-SwiftUIUITests */ = {
			isa = PBXNativeTarget;
			buildConfigurationList = 2F07059A2DC86BD000E6C541 /* Build configuration list for PBXNativeTarget "Matchedgeometry1-SwiftUIUITests" */;
			buildPhases = (
				2F0705862DC86BD000E6C541 /* Sources */,
				2F0705872DC86BD000E6C541 /* Frameworks */,
				2F0705882DC86BD000E6C541 /* Resources */,
			);
			buildRules = (
			);
			dependencies = (
				2F07058C2DC86BD000E6C541 /* PBXTargetDependency */,
			);
			fileSystemSynchronizedGroups = (
				2F07058D2DC86BD000E6C541 /* Matchedgeometry1-SwiftUIUITests */,
			);
			name = "Matchedgeometry1-SwiftUIUITests";
			packageProductDependencies = (
			);
			productName = "Matchedgeometry1-SwiftUIUITests";
			productReference = 2F07058A2DC86BD000E6C541 /* Matchedgeometry1-SwiftUIUITests.xctest */;
			productType = "com.apple.product-type.bundle.ui-testing";
		};
/* End PBXNativeTarget section */

/* Begin PBXProject section */
		2F07056B2DC86BCE00E6C541 /* Project object */ = {
			isa = PBXProject;
			attributes = {
				BuildIndependentTargetsInParallel = 1;
				LastSwiftUpdateCheck = 1630;
				LastUpgradeCheck = 1630;
				TargetAttributes = {
					2F0705722DC86BCE00E6C541 = {
						CreatedOnToolsVersion = 16.3;
					};
					2F07057F2DC86BD000E6C541 = {
						CreatedOnToolsVersion = 16.3;
						TestTargetID = 2F0705722DC86BCE00E6C541;
					};
					2F0705892DC86BD000E6C541 = {
						CreatedOnToolsVersion = 16.3;
						TestTargetID = 2F0705722DC86BCE00E6C541;
					};
				};
			};
			buildConfigurationList = 2F07056E2DC86BCE00E6C541 /* Build configuration list for PBXProject "Matchedgeometry1-SwiftUI" */;
			developmentRegion = en;
			hasScannedForEncodings = 0;
			knownRegions = (
				en,
				Base,
			);
			mainGroup = 2F07056A2DC86BCE00E6C541;
			minimizedProjectReferenceProxies = 1;
			preferredProjectObjectVersion = 77;
			productRefGroup = 2F0705742DC86BCE00E6C541 /* Products */;
			projectDirPath = "";
			projectRoot = "";
			targets = (
				2F0705722DC86BCE00E6C541 /* Matchedgeometry1-SwiftUI */,
				2F07057F2DC86BD000E6C541 /* Matchedgeometry1-SwiftUITests */,
				2F0705892DC86BD000E6C541 /* Matchedgeometry1-SwiftUIUITests */,
			);
		};
/* End PBXProject section */

/* Begin PBXResourcesBuildPhase section */
		2F0705712DC86BCE00E6C541 /* Resources */ = {
			isa = PBXResourcesBuildPhase;
			buildActionMask = 2147483647;
			files = (
			);
			runOnlyForDeploymentPostprocessing = 0;
		};
		2F07057E2DC86BD000E6C541 /* Resources */ = {
			isa = PBXResourcesBuildPhase;
			buildActionMask = 2147483647;
			files = (
			);
			runOnlyForDeploymentPostprocessing = 0;
		};
		2F0705882DC86BD000E6C541 /* Resources */ = {
			isa = PBXResourcesBuildPhase;
			buildActionMask = 2147483647;
			files = (
			);
			runOnlyForDeploymentPostprocessing = 0;
		};
/* End PBXResourcesBuildPhase section */

/* Begin PBXSourcesBuildPhase section */
		2F07056F2DC86BCE00E6C541 /* Sources */ = {
			isa = PBXSourcesBuildPhase;
			buildActionMask = 2147483647;
			files = (
			);
			runOnlyForDeploymentPostprocessing = 0;
		};
		2F07057C2DC86BD000E6C541 /* Sources */ = {
			isa = PBXSourcesBuildPhase;
			buildActionMask = 2147483647;
			files = (
			);
			runOnlyForDeploymentPostprocessing = 0;
		};
		2F0705862DC86BD000E6C541 /* Sources */ = {
			isa = PBXSourcesBuildPhase;
			buildActionMask = 2147483647;
			files = (
			);
			runOnlyForDeploymentPostprocessing = 0;
		};
/* End PBXSourcesBuildPhase section */

/* Begin PBXTargetDependency section */
		2F0705822DC86BD000E6C541 /* PBXTargetDependency */ = {
			isa = PBXTargetDependency;
			target = 2F0705722DC86BCE00E6C541 /* Matchedgeometry1-SwiftUI */;
			targetProxy = 2F0705812DC86BD000E6C541 /* PBXContainerItemProxy */;
		};
		2F07058C2DC86BD000E6C541 /* PBXTargetDependency */ = {
			isa = PBXTargetDependency;
			target = 2F0705722DC86BCE00E6C541 /* Matchedgeometry1-SwiftUI */;
			targetProxy = 2F07058B2DC86BD000E6C541 /* PBXContainerItemProxy */;
		};
/* End PBXTargetDependency section */

/* Begin XCBuildConfiguration section */
		2F0705922DC86BD000E6C541 /* Debug */ = {
			isa = XCBuildConfiguration;
			buildSettings = {
				ALWAYS_SEARCH_USER_PATHS = NO;
				ASSETCATALOG_COMPILER_GENERATE_SWIFT_ASSET_SYMBOL_EXTENSIONS = YES;
				CLANG_ANALYZER_NONNULL = YES;
				CLANG_ANALYZER_NUMBER_OBJECT_CONVERSION = YES_AGGRESSIVE;
				CLANG_CXX_LANGUAGE_STANDARD = "gnu++20";
				CLANG_ENABLE_MODULES = YES;
				CLANG_ENABLE_OBJC_ARC = YES;
				CLANG_ENABLE_OBJC_WEAK = YES;
				CLANG_WARN_BLOCK_CAPTURE_AUTORELEASING = YES;
				CLANG_WARN_BOOL_CONVERSION = YES;
				CLANG_WARN_COMMA = YES;
				CLANG_WARN_CONSTANT_CONVERSION = YES;
				CLANG_WARN_DEPRECATED_OBJC_IMPLEMENTATIONS = YES;
				CLANG_WARN_DIRECT_OBJC_ISA_USAGE = YES_ERROR;
				CLANG_WARN_DOCUMENTATION_COMMENTS = YES;
				CLANG_WARN_EMPTY_BODY = YES;
				CLANG_WARN_ENUM_CONVERSION = YES;
				CLANG_WARN_INFINITE_RECURSION = YES;
				CLANG_WARN_INT_CONVERSION = YES;
				CLANG_WARN_NON_LITERAL_NULL_CONVERSION = YES;
				CLANG_WARN_OBJC_IMPLICIT_RETAIN_SELF = YES;
				CLANG_WARN_OBJC_LITERAL_CONVERSION = YES;
				CLANG_WARN_OBJC_ROOT_CLASS = YES_ERROR;
				CLANG_WARN_QUOTED_INCLUDE_IN_FRAMEWORK_HEADER = YES;
				CLANG_WARN_RANGE_LOOP_ANALYSIS = YES;
				CLANG_WARN_STRICT_PROTOTYPES = YES;
				CLANG_WARN_SUSPICIOUS_MOVE = YES;
				CLANG_WARN_UNGUARDED_AVAILABILITY = YES_AGGRESSIVE;
				CLANG_WARN_UNREACHABLE_CODE = YES;
				CLANG_WARN__DUPLICATE_METHOD_MATCH = YES;
				COPY_PHASE_STRIP = NO;
				DEBUG_INFORMATION_FORMAT = dwarf;
				ENABLE_STRICT_OBJC_MSGSEND = YES;
				ENABLE_TESTABILITY = YES;
				ENABLE_USER_SCRIPT_SANDBOXING = YES;
				GCC_C_LANGUAGE_STANDARD = gnu17;
				GCC_DYNAMIC_NO_PIC = NO;
				GCC_NO_COMMON_BLOCKS = YES;
				GCC_OPTIMIZATION_LEVEL = 0;
				GCC_PREPROCESSOR_DEFINITIONS = (
					"DEBUG=1",
					"$(inherited)",
				);
				GCC_WARN_64_TO_32_BIT_CONVERSION = YES;
				GCC_WARN_ABOUT_RETURN_TYPE = YES_ERROR;
				GCC_WARN_UNDECLARED_SELECTOR = YES;
				GCC_WARN_UNINITIALIZED_AUTOS = YES_AGGRESSIVE;
				GCC_WARN_UNUSED_FUNCTION = YES;
				GCC_WARN_UNUSED_VARIABLE = YES;
				IPHONEOS_DEPLOYMENT_TARGET = 18.4;
				LOCALIZATION_PREFERS_STRING_CATALOGS = YES;
				MTL_ENABLE_DEBUG_INFO = INCLUDE_SOURCE;
				MTL_FAST_MATH = YES;
				ONLY_ACTIVE_ARCH = YES;
				SDKROOT = iphoneos;
				SWIFT_ACTIVE_COMPILATION_CONDITIONS = "DEBUG $(inherited)";
				SWIFT_OPTIMIZATION_LEVEL = "-Onone";
			};
			name = Debug;
		};
		2F0705932DC86BD000E6C541 /* Release */ = {
			isa = XCBuildConfiguration;
			buildSettings = {
				ALWAYS_SEARCH_USER_PATHS = NO;
				ASSETCATALOG_COMPILER_GENERATE_SWIFT_ASSET_SYMBOL_EXTENSIONS = YES;
				CLANG_ANALYZER_NONNULL = YES;
				CLANG_ANALYZER_NUMBER_OBJECT_CONVERSION = YES_AGGRESSIVE;
				CLANG_CXX_LANGUAGE_STANDARD = "gnu++20";
				CLANG_ENABLE_MODULES = YES;
				CLANG_ENABLE_OBJC_ARC = YES;
				CLANG_ENABLE_OBJC_WEAK = YES;
				CLANG_WARN_BLOCK_CAPTURE_AUTORELEASING = YES;
				CLANG_WARN_BOOL_CONVERSION = YES;
				CLANG_WARN_COMMA = YES;
				CLANG_WARN_CONSTANT_CONVERSION = YES;
				CLANG_WARN_DEPRECATED_OBJC_IMPLEMENTATIONS = YES;
				CLANG_WARN_DIRECT_OBJC_ISA_USAGE = YES_ERROR;
				CLANG_WARN_DOCUMENTATION_COMMENTS = YES;
				CLANG_WARN_EMPTY_BODY = YES;
				CLANG_WARN_ENUM_CONVERSION = YES;
				CLANG_WARN_INFINITE_RECURSION = YES;
				CLANG_WARN_INT_CONVERSION = YES;
				CLANG_WARN_NON_LITERAL_NULL_CONVERSION = YES;
				CLANG_WARN_OBJC_IMPLICIT_RETAIN_SELF = YES;
				CLANG_WARN_OBJC_LITERAL_CONVERSION = YES;
				CLANG_WARN_OBJC_ROOT_CLASS = YES_ERROR;
				CLANG_WARN_QUOTED_INCLUDE_IN_FRAMEWORK_HEADER = YES;
				CLANG_WARN_RANGE_LOOP_ANALYSIS = YES;
				CLANG_WARN_STRICT_PROTOTYPES = YES;
				CLANG_WARN_SUSPICIOUS_MOVE = YES;
				CLANG_WARN_UNGUARDED_AVAILABILITY = YES_AGGRESSIVE;
				CLANG_WARN_UNREACHABLE_CODE = YES;
				CLANG_WARN__DUPLICATE_METHOD_MATCH = YES;
				COPY_PHASE_STRIP = NO;
				DEBUG_INFORMATION_FORMAT = "dwarf-with-dsym";
				ENABLE_NS_ASSERTIONS = NO;
				ENABLE_STRICT_OBJC_MSGSEND = YES;
				ENABLE_USER_SCRIPT_SANDBOXING = YES;
				GCC_C_LANGUAGE_STANDARD = gnu17;
				GCC_NO_COMMON_BLOCKS = YES;
				GCC_WARN_64_TO_32_BIT_CONVERSION = YES;
				GCC_WARN_ABOUT_RETURN_TYPE = YES_ERROR;
				GCC_WARN_UNDECLARED_SELECTOR = YES;
				GCC_WARN_UNINITIALIZED_AUTOS = YES_AGGRESSIVE;
				GCC_WARN_UNUSED_FUNCTION = YES;
				GCC_WARN_UNUSED_VARIABLE = YES;
				IPHONEOS_DEPLOYMENT_TARGET = 18.4;
				LOCALIZATION_PREFERS_STRING_CATALOGS = YES;
				MTL_ENABLE_DEBUG_INFO = NO;
				MTL_FAST_MATH = YES;
				SDKROOT = iphoneos;
				SWIFT_COMPILATION_MODE = wholemodule;
				VALIDATE_PRODUCT = YES;
			};
			name = Release;
		};
		2F0705952DC86BD000E6C541 /* Debug */ = {
			isa = XCBuildConfiguration;
			buildSettings = {
				ASSETCATALOG_COMPILER_APPICON_NAME = AppIcon;
				ASSETCATALOG_COMPILER_GLOBAL_ACCENT_COLOR_NAME = AccentColor;
				CODE_SIGN_STYLE = Automatic;
				CURRENT_PROJECT_VERSION = 1;
				ENABLE_PREVIEWS = YES;
				GENERATE_INFOPLIST_FILE = YES;
				INFOPLIST_KEY_UIApplicationSceneManifest_Generation = YES;
				INFOPLIST_KEY_UIApplicationSupportsIndirectInputEvents = YES;
				INFOPLIST_KEY_UILaunchScreen_Generation = YES;
				INFOPLIST_KEY_UISupportedInterfaceOrientations_iPad = "UIInterfaceOrientationPortrait UIInterfaceOrientationPortraitUpsideDown UIInterfaceOrientationLandscapeLeft UIInterfaceOrientationLandscapeRight";
				INFOPLIST_KEY_UISupportedInterfaceOrientations_iPhone = "UIInterfaceOrientationPortrait UIInterfaceOrientationLandscapeLeft UIInterfaceOrientationLandscapeRight";
				LD_RUNPATH_SEARCH_PATHS = (
					"$(inherited)",
					"@executable_path/Frameworks",
				);
				MARKETING_VERSION = 1.0;
				PRODUCT_BUNDLE_IDENTIFIER = "nimishmothghare.Matchedgeometry1-SwiftUI";
				PRODUCT_NAME = "$(TARGET_NAME)";
				SWIFT_EMIT_LOC_STRINGS = YES;
				SWIFT_VERSION = 5.0;
				TARGETED_DEVICE_FAMILY = "1,2";
			};
			name = Debug;
		};
		2F0705962DC86BD000E6C541 /* Release */ = {
			isa = XCBuildConfiguration;
			buildSettings = {
				ASSETCATALOG_COMPILER_APPICON_NAME = AppIcon;
				ASSETCATALOG_COMPILER_GLOBAL_ACCENT_COLOR_NAME = AccentColor;
				CODE_SIGN_STYLE = Automatic;
				CURRENT_PROJECT_VERSION = 1;
				ENABLE_PREVIEWS = YES;
				GENERATE_INFOPLIST_FILE = YES;
				INFOPLIST_KEY_UIApplicationSceneManifest_Generation = YES;
				INFOPLIST_KEY_UIApplicationSupportsIndirectInputEvents = YES;
				INFOPLIST_KEY_UILaunchScreen_Generation = YES;
				INFOPLIST_KEY_UISupportedInterfaceOrientations_iPad = "UIInterfaceOrientationPortrait UIInterfaceOrientationPortraitUpsideDown UIInterfaceOrientationLandscapeLeft UIInterfaceOrientationLandscapeRight";
				INFOPLIST_KEY_UISupportedInterfaceOrientations_iPhone = "UIInterfaceOrientationPortrait UIInterfaceOrientationLandscapeLeft UIInterfaceOrientationLandscapeRight";
				LD_RUNPATH_SEARCH_PATHS = (
					"$(inherited)",
					"@executable_path/Frameworks",
				);
				MARKETING_VERSION = 1.0;
				PRODUCT_BUNDLE_IDENTIFIER = "nimishmothghare.Matchedgeometry1-SwiftUI";
				PRODUCT_NAME = "$(TARGET_NAME)";
				SWIFT_EMIT_LOC_STRINGS = YES;
				SWIFT_VERSION = 5.0;
				TARGETED_DEVICE_FAMILY = "1,2";
			};
			name = Release;
		};
		2F0705982DC86BD000E6C541 /* Debug */ = {
			isa = XCBuildConfiguration;
			buildSettings = {
				BUNDLE_LOADER = "$(TEST_HOST)";
				CODE_SIGN_STYLE = Automatic;
				CURRENT_PROJECT_VERSION = 1;
				GENERATE_INFOPLIST_FILE = YES;
				IPHONEOS_DEPLOYMENT_TARGET = 18.4;
				MARKETING_VERSION = 1.0;
				PRODUCT_BUNDLE_IDENTIFIER = "nimishmothghare.Matchedgeometry1-SwiftUITests";
				PRODUCT_NAME = "$(TARGET_NAME)";
				SWIFT_EMIT_LOC_STRINGS = NO;
				SWIFT_VERSION = 5.0;
				TARGETED_DEVICE_FAMILY = "1,2";
				TEST_HOST = "$(BUILT_PRODUCTS_DIR)/Matchedgeometry1-SwiftUI.app/$(BUNDLE_EXECUTABLE_FOLDER_PATH)/Matchedgeometry1-SwiftUI";
			};
			name = Debug;
		};
		2F0705992DC86BD000E6C541 /* Release */ = {
			isa = XCBuildConfiguration;
			buildSettings = {
				BUNDLE_LOADER = "$(TEST_HOST)";
				CODE_SIGN_STYLE = Automatic;
				CURRENT_PROJECT_VERSION = 1;
				GENERATE_INFOPLIST_FILE = YES;
				IPHONEOS_DEPLOYMENT_TARGET = 18.4;
				MARKETING_VERSION = 1.0;
				PRODUCT_BUNDLE_IDENTIFIER = "nimishmothghare.Matchedgeometry1-SwiftUITests";
				PRODUCT_NAME = "$(TARGET_NAME)";
				SWIFT_EMIT_LOC_STRINGS = NO;
				SWIFT_VERSION = 5.0;
				TARGETED_DEVICE_FAMILY = "1,2";
				TEST_HOST = "$(BUILT_PRODUCTS_DIR)/Matchedgeometry1-SwiftUI.app/$(BUNDLE_EXECUTABLE_FOLDER_PATH)/Matchedgeometry1-SwiftUI";
			};
			name = Release;
		};
		2F07059B2DC86BD000E6C541 /* Debug */ = {
			isa = XCBuildConfiguration;
			buildSettings = {
				CODE_SIGN_STYLE = Automatic;
				CURRENT_PROJECT_VERSION = 1;
				GENERATE_INFOPLIST_FILE = YES;
				MARKETING_VERSION = 1.0;
				PRODUCT_BUNDLE_IDENTIFIER = "nimishmothghare.Matchedgeometry1-SwiftUIUITests";
				PRODUCT_NAME = "$(TARGET_NAME)";
				SWIFT_EMIT_LOC_STRINGS = NO;
				SWIFT_VERSION = 5.0;
				TARGETED_DEVICE_FAMILY = "1,2";
				TEST_TARGET_NAME = "Matchedgeometry1-SwiftUI";
			};
			name = Debug;
		};
		2F07059C2DC86BD000E6C541 /* Release */ = {
			isa = XCBuildConfiguration;
			buildSettings = {
				CODE_SIGN_STYLE = Automatic;
				CURRENT_PROJECT_VERSION = 1;
				GENERATE_INFOPLIST_FILE = YES;
				MARKETING_VERSION = 1.0;
				PRODUCT_BUNDLE_IDENTIFIER = "nimishmothghare.Matchedgeometry1-SwiftUIUITests";
				PRODUCT_NAME = "$(TARGET_NAME)";
				SWIFT_EMIT_LOC_STRINGS = NO;
				SWIFT_VERSION = 5.0;
				TARGETED_DEVICE_FAMILY = "1,2";
				TEST_TARGET_NAME = "Matchedgeometry1-SwiftUI";
			};
			name = Release;
		};
/* End XCBuildConfiguration section */

/* Begin XCConfigurationList section */
		2F07056E2DC86BCE00E6C541 /* Build configuration list for PBXProject "Matchedgeometry1-SwiftUI" */ = {
			isa = XCConfigurationList;
			buildConfigurations = (
				2F0705922DC86BD000E6C541 /* Debug */,
				2F0705932DC86BD000E6C541 /* Release */,
			);
			defaultConfigurationIsVisible = 0;
			defaultConfigurationName = Release;
		};
		2F0705942DC86BD000E6C541 /* Build configuration list for PBXNativeTarget "Matchedgeometry1-SwiftUI" */ = {
			isa = XCConfigurationList;
			buildConfigurations = (
				2F0705952DC86BD000E6C541 /* Debug */,
				2F0705962DC86BD000E6C541 /* Release */,
			);
			defaultConfigurationIsVisible = 0;
			defaultConfigurationName = Release;
		};
		2F0705972DC86BD000E6C541 /* Build configuration list for PBXNativeTarget "Matchedgeometry1-SwiftUITests" */ = {
			isa = XCConfigurationList;
			buildConfigurations = (
				2F0705982DC86BD000E6C541 /* Debug */,
				2F0705992DC86BD000E6C541 /* Release */,
			);
			defaultConfigurationIsVisible = 0;
			defaultConfigurationName = Release;
		};
		2F07059A2DC86BD000E6C541 /* Build configuration list for PBXNativeTarget "Matchedgeometry1-SwiftUIUITests" */ = {
			isa = XCConfigurationList;
			buildConfigurations = (
				2F07059B2DC86BD000E6C541 /* Debug */,
				2F07059C2DC86BD000E6C541 /* Release */,
			);
			defaultConfigurationIsVisible = 0;
			defaultConfigurationName = Release;
		};
/* End XCConfigurationList section */
	};
	rootObject = 2F07056B2DC86BCE00E6C541 /* Project object */;
}
